{
  "name": "src",
  "lockfileVersion": 2,
  "requires": true,
  "packages": {
    "": {
      "dependencies": {
        "emoji-slice": "^2.1.0",
        "grapheme-splitter": "^1.0.4"
      }
    },
    "node_modules/emoji-slice": {
      "version": "2.1.0",
      "resolved": "https://registry.npmjs.org/emoji-slice/-/emoji-slice-2.1.0.tgz",
      "integrity": "sha512-ltXRlIdSL07y9I7dp5ekte5GqnP91k7L3JiKx+5xV8vYI1a+bNBfFwzMjdqhqTBb3ii1HvXYlV0A6Eqn5JgKJg=="
    },
    "node_modules/grapheme-splitter": {
      "version": "1.0.4",
      "resolved": "https://registry.npmjs.org/grapheme-splitter/-/grapheme-splitter-1.0.4.tgz",
      "integrity": "sha512-bzh50DW9kTPM00T8y4o8vQg89Di9oLJVLW/KaOGIXJWP/iqCN6WKYkbNOF04vFLJhwcpYUh9ydh/+5vpOqV4YQ=="
    }
  },
  "dependencies": {
    "emoji-slice": {
      "version": "2.1.0",
      "resolved": "https://registry.npmjs.org/emoji-slice/-/emoji-slice-2.1.0.tgz",
      "integrity": "sha512-ltXRlIdSL07y9I7dp5ekte5GqnP91k7L3JiKx+5xV8vYI1a+bNBfFwzMjdqhqTBb3ii1HvXYlV0A6Eqn5JgKJg=="
    },
    "grapheme-splitter": {
      "version": "1.0.4",
      "resolved": "https://registry.npmjs.org/grapheme-splitter/-/grapheme-splitter-1.0.4.tgz",
      "integrity": "sha512-bzh50DW9kTPM00T8y4o8vQg89Di9oLJVLW/KaOGIXJWP/iqCN6WKYkbNOF04vFLJhwcpYUh9ydh/+5vpOqV4YQ=="
    }
  }
}
